
Microsoft Visual Studio Solution File, Format Version 12.00
# Visual Studio 14
VisualStudioVersion = 14.0.25420.1
MinimumVisualStudioVersion = 10.0.40219.1
Project("{9092AA53-FB77-4645-B42D-1CCCA6BD08BD}") = "blog-solid-typescript", "blog-solid-typescript\blog-solid-typescript.njsproj", "{FE2A7E72-B140-42C2-8E7A-53612188FC34}"
EndProject
Project("{F088123C-0E9E-452A-89E6-6BA2F21D5CAC}") = "SolidPrinciples", "SolidPrinciples\SolidPrinciples.modelproj", "{6DB85295-3C18-48E5-83EA-6E1E5E6CE72D}"
EndProject
Global
	GlobalSection(SolutionConfigurationPlatforms) = preSolution
		Debug|Any CPU = Debug|Any CPU
		Release|Any CPU = Release|Any CPU
	EndGlobalSection
	GlobalSection(ProjectConfigurationPlatforms) = postSolution
		{FE2A7E72-B140-42C2-8E7A-53612188FC34}.Debug|Any CPU.ActiveCfg = Debug|Any CPU
		{FE2A7E72-B140-42C2-8E7A-53612188FC34}.Debug|Any CPU.Build.0 = Debug|Any CPU
		{FE2A7E72-B140-42C2-8E7A-53612188FC34}.Release|Any CPU.ActiveCfg = Release|Any CPU
		{FE2A7E72-B140-42C2-8E7A-53612188FC34}.Release|Any CPU.Build.0 = Release|Any CPU
		{6DB85295-3C18-48E5-83EA-6E1E5E6CE72D}.Debug|Any CPU.ActiveCfg = Debug|Any CPU
		{6DB85295-3C18-48E5-83EA-6E1E5E6CE72D}.Debug|Any CPU.Build.0 = Debug|Any CPU
		{6DB85295-3C18-48E5-83EA-6E1E5E6CE72D}.Release|Any CPU.ActiveCfg = Release|Any CPU
		{6DB85295-3C18-48E5-83EA-6E1E5E6CE72D}.Release|Any CPU.Build.0 = Release|Any CPU
	EndGlobalSection
	GlobalSection(SolutionProperties) = preSolution
		HideSolutionNode = FALSE
	EndGlobalSection
EndGlobal
